{
  "object": {
    "pins": [
      {
        "package": "rfSwiftUI",
        "repositoryURL": "https://github.com/rudifa/rfSwiftUI",
        "state": {
          "branch": "main",
          "revision": "616248875347939bb3f0c6c8dffd42c2a997a5dd",
          "version": null
        }
      }
    ]
  },
  "version": 1
}
