{
  "object": {
    "pins": [
      {
        "package": "rfSwiftUI",
        "repositoryURL": "https://github.com/rudifa/rfSwiftUI",
        "state": {
          "branch": "main",
          "revision": "640efadd432efbd791deb71acbd17d2b28027a1e",
          "version": null
        }
      }
    ]
  },
  "version": 1
}
