{
  "object": {
    "pins": [
      {
        "package": "rfSwiftUI",
        "repositoryURL": "https://github.com/rudifa/rfSwiftUI",
        "state": {
          "branch": "main",
          "revision": "21b670e870831e4b573b6963ebe0df99fa643078",
          "version": null
        }
      }
    ]
  },
  "version": 1
}
